
Microsoft Visual Studio Solution File, Format Version 12.00
# Visual Studio 14
VisualStudioVersion = 14.0.24720.0
MinimumVisualStudioVersion = 10.0.40219.1
Project("{FAE04EC0-301F-11D3-BF4B-00C04F79EFBC}") = "EventRater.Droid", "EventRater\EventRater.Droid\EventRater.Droid.csproj", "{2360F357-1CB1-491D-9813-B6D0DAD81A55}"
EndProject
Project("{FAE04EC0-301F-11D3-BF4B-00C04F79EFBC}") = "EventRater.iOS", "EventRater\EventRater.iOS\EventRater.iOS.csproj", "{12D47513-6D11-4F15-A74B-996AC3359AA9}"
EndProject
Project("{FAE04EC0-301F-11D3-BF4B-00C04F79EFBC}") = "EventRater.WinPhone", "EventRater\EventRater.WinPhone\EventRater.WinPhone.csproj", "{F4760A92-2B22-4478-9475-18B143089611}"
EndProject
Project("{FAE04EC0-301F-11D3-BF4B-00C04F79EFBC}") = "EventRater", "EventRater\EventRater\EventRater.csproj", "{56166D86-B310-46BF-8688-7B9B81822DF8}"
EndProject
Project("{FAE04EC0-301F-11D3-BF4B-00C04F79EFBC}") = "EventRater.UWP", "EventRater\EventRater.UWP\EventRater.UWP.csproj", "{09BF7915-E9B3-4016-8287-C583127C0D1B}"
EndProject
Global
	GlobalSection(SolutionConfigurationPlatforms) = preSolution
		Ad-Hoc|Any CPU = Ad-Hoc|Any CPU
		Ad-Hoc|ARM = Ad-Hoc|ARM
		Ad-Hoc|iPhone = Ad-Hoc|iPhone
		Ad-Hoc|iPhoneSimulator = Ad-Hoc|iPhoneSimulator
		Ad-Hoc|x64 = Ad-Hoc|x64
		Ad-Hoc|x86 = Ad-Hoc|x86
		AppStore|Any CPU = AppStore|Any CPU
		AppStore|ARM = AppStore|ARM
		AppStore|iPhone = AppStore|iPhone
		AppStore|iPhoneSimulator = AppStore|iPhoneSimulator
		AppStore|x64 = AppStore|x64
		AppStore|x86 = AppStore|x86
		Debug|Any CPU = Debug|Any CPU
		Debug|ARM = Debug|ARM
		Debug|iPhone = Debug|iPhone
		Debug|iPhoneSimulator = Debug|iPhoneSimulator
		Debug|x64 = Debug|x64
		Debug|x86 = Debug|x86
		Release|Any CPU = Release|Any CPU
		Release|ARM = Release|ARM
		Release|iPhone = Release|iPhone
		Release|iPhoneSimulator = Release|iPhoneSimulator
		Release|x64 = Release|x64
		Release|x86 = Release|x86
	EndGlobalSection
	GlobalSection(ProjectConfigurationPlatforms) = postSolution
		{2360F357-1CB1-491D-9813-B6D0DAD81A55}.Ad-Hoc|Any CPU.ActiveCfg = Release|Any CPU
		{2360F357-1CB1-491D-9813-B6D0DAD81A55}.Ad-Hoc|Any CPU.Build.0 = Release|Any CPU
		{2360F357-1CB1-491D-9813-B6D0DAD81A55}.Ad-Hoc|Any CPU.Deploy.0 = Release|Any CPU
		{2360F357-1CB1-491D-9813-B6D0DAD81A55}.Ad-Hoc|ARM.ActiveCfg = Release|Any CPU
		{2360F357-1CB1-491D-9813-B6D0DAD81A55}.Ad-Hoc|ARM.Build.0 = Release|Any CPU
		{2360F357-1CB1-491D-9813-B6D0DAD81A55}.Ad-Hoc|ARM.Deploy.0 = Release|Any CPU
		{2360F357-1CB1-491D-9813-B6D0DAD81A55}.Ad-Hoc|iPhone.ActiveCfg = Release|Any CPU
		{2360F357-1CB1-491D-9813-B6D0DAD81A55}.Ad-Hoc|iPhone.Build.0 = Release|Any CPU
		{2360F357-1CB1-491D-9813-B6D0DAD81A55}.Ad-Hoc|iPhone.Deploy.0 = Release|Any CPU
		{2360F357-1CB1-491D-9813-B6D0DAD81A55}.Ad-Hoc|iPhoneSimulator.ActiveCfg = Release|Any CPU
		{2360F357-1CB1-491D-9813-B6D0DAD81A55}.Ad-Hoc|iPhoneSimulator.Build.0 = Release|Any CPU
		{2360F357-1CB1-491D-9813-B6D0DAD81A55}.Ad-Hoc|iPhoneSimulator.Deploy.0 = Release|Any CPU
		{2360F357-1CB1-491D-9813-B6D0DAD81A55}.Ad-Hoc|x64.ActiveCfg = Debug|Any CPU
		{2360F357-1CB1-491D-9813-B6D0DAD81A55}.Ad-Hoc|x64.Build.0 = Debug|Any CPU
		{2360F357-1CB1-491D-9813-B6D0DAD81A55}.Ad-Hoc|x64.Deploy.0 = Debug|Any CPU
		{2360F357-1CB1-491D-9813-B6D0DAD81A55}.Ad-Hoc|x86.ActiveCfg = Release|Any CPU
		{2360F357-1CB1-491D-9813-B6D0DAD81A55}.Ad-Hoc|x86.Build.0 = Release|Any CPU
		{2360F357-1CB1-491D-9813-B6D0DAD81A55}.Ad-Hoc|x86.Deploy.0 = Release|Any CPU
		{2360F357-1CB1-491D-9813-B6D0DAD81A55}.AppStore|Any CPU.ActiveCfg = Release|Any CPU
		{2360F357-1CB1-491D-9813-B6D0DAD81A55}.AppStore|Any CPU.Build.0 = Release|Any CPU
		{2360F357-1CB1-491D-9813-B6D0DAD81A55}.AppStore|Any CPU.Deploy.0 = Release|Any CPU
		{2360F357-1CB1-491D-9813-B6D0DAD81A55}.AppStore|ARM.ActiveCfg = Release|Any CPU
		{2360F357-1CB1-491D-9813-B6D0DAD81A55}.AppStore|ARM.Build.0 = Release|Any CPU
		{2360F357-1CB1-491D-9813-B6D0DAD81A55}.AppStore|ARM.Deploy.0 = Release|Any CPU
		{2360F357-1CB1-491D-9813-B6D0DAD81A55}.AppStore|iPhone.ActiveCfg = Release|Any CPU
		{2360F357-1CB1-491D-9813-B6D0DAD81A55}.AppStore|iPhone.Build.0 = Release|Any CPU
		{2360F357-1CB1-491D-9813-B6D0DAD81A55}.AppStore|iPhone.Deploy.0 = Release|Any CPU
		{2360F357-1CB1-491D-9813-B6D0DAD81A55}.AppStore|iPhoneSimulator.ActiveCfg = Release|Any CPU
		{2360F357-1CB1-491D-9813-B6D0DAD81A55}.AppStore|iPhoneSimulator.Build.0 = Release|Any CPU
		{2360F357-1CB1-491D-9813-B6D0DAD81A55}.AppStore|iPhoneSimulator.Deploy.0 = Release|Any CPU
		{2360F357-1CB1-491D-9813-B6D0DAD81A55}.AppStore|x64.ActiveCfg = Debug|Any CPU
		{2360F357-1CB1-491D-9813-B6D0DAD81A55}.AppStore|x64.Build.0 = Debug|Any CPU
		{2360F357-1CB1-491D-9813-B6D0DAD81A55}.AppStore|x64.Deploy.0 = Debug|Any CPU
		{2360F357-1CB1-491D-9813-B6D0DAD81A55}.AppStore|x86.ActiveCfg = Release|Any CPU
		{2360F357-1CB1-491D-9813-B6D0DAD81A55}.AppStore|x86.Build.0 = Release|Any CPU
		{2360F357-1CB1-491D-9813-B6D0DAD81A55}.AppStore|x86.Deploy.0 = Release|Any CPU
		{2360F357-1CB1-491D-9813-B6D0DAD81A55}.Debug|Any CPU.ActiveCfg = Debug|Any CPU
		{2360F357-1CB1-491D-9813-B6D0DAD81A55}.Debug|Any CPU.Build.0 = Debug|Any CPU
		{2360F357-1CB1-491D-9813-B6D0DAD81A55}.Debug|Any CPU.Deploy.0 = Debug|Any CPU
		{2360F357-1CB1-491D-9813-B6D0DAD81A55}.Debug|ARM.ActiveCfg = Debug|Any CPU
		{2360F357-1CB1-491D-9813-B6D0DAD81A55}.Debug|ARM.Build.0 = Debug|Any CPU
		{2360F357-1CB1-491D-9813-B6D0DAD81A55}.Debug|ARM.Deploy.0 = Debug|Any CPU
		{2360F357-1CB1-491D-9813-B6D0DAD81A55}.Debug|iPhone.ActiveCfg = Debug|Any CPU
		{2360F357-1CB1-491D-9813-B6D0DAD81A55}.Debug|iPhone.Build.0 = Debug|Any CPU
		{2360F357-1CB1-491D-9813-B6D0DAD81A55}.Debug|iPhone.Deploy.0 = Debug|Any CPU
		{2360F357-1CB1-491D-9813-B6D0DAD81A55}.Debug|iPhoneSimulator.ActiveCfg = Debug|Any CPU
		{2360F357-1CB1-491D-9813-B6D0DAD81A55}.Debug|iPhoneSimulator.Build.0 = Debug|Any CPU
		{2360F357-1CB1-491D-9813-B6D0DAD81A55}.Debug|iPhoneSimulator.Deploy.0 = Debug|Any CPU
		{2360F357-1CB1-491D-9813-B6D0DAD81A55}.Debug|x64.ActiveCfg = Debug|Any CPU
		{2360F357-1CB1-491D-9813-B6D0DAD81A55}.Debug|x64.Build.0 = Debug|Any CPU
		{2360F357-1CB1-491D-9813-B6D0DAD81A55}.Debug|x64.Deploy.0 = Debug|Any CPU
		{2360F357-1CB1-491D-9813-B6D0DAD81A55}.Debug|x86.ActiveCfg = Debug|Any CPU
		{2360F357-1CB1-491D-9813-B6D0DAD81A55}.Debug|x86.Build.0 = Debug|Any CPU
		{2360F357-1CB1-491D-9813-B6D0DAD81A55}.Debug|x86.Deploy.0 = Debug|Any CPU
		{2360F357-1CB1-491D-9813-B6D0DAD81A55}.Release|Any CPU.ActiveCfg = Release|Any CPU
		{2360F357-1CB1-491D-9813-B6D0DAD81A55}.Release|Any CPU.Build.0 = Release|Any CPU
		{2360F357-1CB1-491D-9813-B6D0DAD81A55}.Release|Any CPU.Deploy.0 = Release|Any CPU
		{2360F357-1CB1-491D-9813-B6D0DAD81A55}.Release|ARM.ActiveCfg = Release|Any CPU
		{2360F357-1CB1-491D-9813-B6D0DAD81A55}.Release|ARM.Build.0 = Release|Any CPU
		{2360F357-1CB1-491D-9813-B6D0DAD81A55}.Release|ARM.Deploy.0 = Release|Any CPU
		{2360F357-1CB1-491D-9813-B6D0DAD81A55}.Release|iPhone.ActiveCfg = Release|Any CPU
		{2360F357-1CB1-491D-9813-B6D0DAD81A55}.Release|iPhone.Build.0 = Release|Any CPU
		{2360F357-1CB1-491D-9813-B6D0DAD81A55}.Release|iPhone.Deploy.0 = Release|Any CPU
		{2360F357-1CB1-491D-9813-B6D0DAD81A55}.Release|iPhoneSimulator.ActiveCfg = Release|Any CPU
		{2360F357-1CB1-491D-9813-B6D0DAD81A55}.Release|iPhoneSimulator.Build.0 = Release|Any CPU
		{2360F357-1CB1-491D-9813-B6D0DAD81A55}.Release|iPhoneSimulator.Deploy.0 = Release|Any CPU
		{2360F357-1CB1-491D-9813-B6D0DAD81A55}.Release|x64.ActiveCfg = Release|Any CPU
		{2360F357-1CB1-491D-9813-B6D0DAD81A55}.Release|x64.Build.0 = Release|Any CPU
		{2360F357-1CB1-491D-9813-B6D0DAD81A55}.Release|x64.Deploy.0 = Release|Any CPU
		{2360F357-1CB1-491D-9813-B6D0DAD81A55}.Release|x86.ActiveCfg = Release|Any CPU
		{2360F357-1CB1-491D-9813-B6D0DAD81A55}.Release|x86.Build.0 = Release|Any CPU
		{2360F357-1CB1-491D-9813-B6D0DAD81A55}.Release|x86.Deploy.0 = Release|Any CPU
		{12D47513-6D11-4F15-A74B-996AC3359AA9}.Ad-Hoc|Any CPU.ActiveCfg = Ad-Hoc|iPhone
		{12D47513-6D11-4F15-A74B-996AC3359AA9}.Ad-Hoc|ARM.ActiveCfg = Ad-Hoc|iPhone
		{12D47513-6D11-4F15-A74B-996AC3359AA9}.Ad-Hoc|iPhone.ActiveCfg = Ad-Hoc|iPhone
		{12D47513-6D11-4F15-A74B-996AC3359AA9}.Ad-Hoc|iPhone.Build.0 = Ad-Hoc|iPhone
		{12D47513-6D11-4F15-A74B-996AC3359AA9}.Ad-Hoc|iPhoneSimulator.ActiveCfg = Ad-Hoc|iPhoneSimulator
		{12D47513-6D11-4F15-A74B-996AC3359AA9}.Ad-Hoc|iPhoneSimulator.Build.0 = Ad-Hoc|iPhoneSimulator
		{12D47513-6D11-4F15-A74B-996AC3359AA9}.Ad-Hoc|x64.ActiveCfg = Ad-Hoc|iPhoneSimulator
		{12D47513-6D11-4F15-A74B-996AC3359AA9}.Ad-Hoc|x86.ActiveCfg = Ad-Hoc|iPhone
		{12D47513-6D11-4F15-A74B-996AC3359AA9}.AppStore|Any CPU.ActiveCfg = AppStore|iPhone
		{12D47513-6D11-4F15-A74B-996AC3359AA9}.AppStore|ARM.ActiveCfg = AppStore|iPhone
		{12D47513-6D11-4F15-A74B-996AC3359AA9}.AppStore|iPhone.ActiveCfg = AppStore|iPhone
		{12D47513-6D11-4F15-A74B-996AC3359AA9}.AppStore|iPhone.Build.0 = AppStore|iPhone
		{12D47513-6D11-4F15-A74B-996AC3359AA9}.AppStore|iPhoneSimulator.ActiveCfg = AppStore|iPhoneSimulator
		{12D47513-6D11-4F15-A74B-996AC3359AA9}.AppStore|iPhoneSimulator.Build.0 = AppStore|iPhoneSimulator
		{12D47513-6D11-4F15-A74B-996AC3359AA9}.AppStore|x64.ActiveCfg = AppStore|iPhoneSimulator
		{12D47513-6D11-4F15-A74B-996AC3359AA9}.AppStore|x86.ActiveCfg = AppStore|iPhone
		{12D47513-6D11-4F15-A74B-996AC3359AA9}.Debug|Any CPU.ActiveCfg = Debug|iPhone
		{12D47513-6D11-4F15-A74B-996AC3359AA9}.Debug|ARM.ActiveCfg = Debug|iPhone
		{12D47513-6D11-4F15-A74B-996AC3359AA9}.Debug|iPhone.ActiveCfg = Debug|iPhone
		{12D47513-6D11-4F15-A74B-996AC3359AA9}.Debug|iPhone.Build.0 = Debug|iPhone
		{12D47513-6D11-4F15-A74B-996AC3359AA9}.Debug|iPhoneSimulator.ActiveCfg = Debug|iPhoneSimulator
		{12D47513-6D11-4F15-A74B-996AC3359AA9}.Debug|iPhoneSimulator.Build.0 = Debug|iPhoneSimulator
		{12D47513-6D11-4F15-A74B-996AC3359AA9}.Debug|x64.ActiveCfg = Debug|iPhoneSimulator
		{12D47513-6D11-4F15-A74B-996AC3359AA9}.Debug|x64.Build.0 = Debug|iPhoneSimulator
		{12D47513-6D11-4F15-A74B-996AC3359AA9}.Debug|x86.ActiveCfg = Debug|iPhoneSimulator
		{12D47513-6D11-4F15-A74B-996AC3359AA9}.Debug|x86.Build.0 = Debug|iPhoneSimulator
		{12D47513-6D11-4F15-A74B-996AC3359AA9}.Release|Any CPU.ActiveCfg = Release|iPhone
		{12D47513-6D11-4F15-A74B-996AC3359AA9}.Release|ARM.ActiveCfg = Release|iPhone
		{12D47513-6D11-4F15-A74B-996AC3359AA9}.Release|iPhone.ActiveCfg = Release|iPhone
		{12D47513-6D11-4F15-A74B-996AC3359AA9}.Release|iPhone.Build.0 = Release|iPhone
		{12D47513-6D11-4F15-A74B-996AC3359AA9}.Release|iPhoneSimulator.ActiveCfg = Release|iPhoneSimulator
		{12D47513-6D11-4F15-A74B-996AC3359AA9}.Release|iPhoneSimulator.Build.0 = Release|iPhoneSimulator
		{12D47513-6D11-4F15-A74B-996AC3359AA9}.Release|x64.ActiveCfg = Release|iPhoneSimulator
		{12D47513-6D11-4F15-A74B-996AC3359AA9}.Release|x86.ActiveCfg = Release|iPhone
		{F4760A92-2B22-4478-9475-18B143089611}.Ad-Hoc|Any CPU.ActiveCfg = Release|Any CPU
		{F4760A92-2B22-4478-9475-18B143089611}.Ad-Hoc|Any CPU.Build.0 = Release|Any CPU
		{F4760A92-2B22-4478-9475-18B143089611}.Ad-Hoc|Any CPU.Deploy.0 = Release|Any CPU
		{F4760A92-2B22-4478-9475-18B143089611}.Ad-Hoc|ARM.ActiveCfg = Release|ARM
		{F4760A92-2B22-4478-9475-18B143089611}.Ad-Hoc|ARM.Build.0 = Release|ARM
		{F4760A92-2B22-4478-9475-18B143089611}.Ad-Hoc|ARM.Deploy.0 = Release|ARM
		{F4760A92-2B22-4478-9475-18B143089611}.Ad-Hoc|iPhone.ActiveCfg = Release|Any CPU
		{F4760A92-2B22-4478-9475-18B143089611}.Ad-Hoc|iPhone.Build.0 = Release|Any CPU
		{F4760A92-2B22-4478-9475-18B143089611}.Ad-Hoc|iPhone.Deploy.0 = Release|Any CPU
		{F4760A92-2B22-4478-9475-18B143089611}.Ad-Hoc|iPhoneSimulator.ActiveCfg = Release|Any CPU
		{F4760A92-2B22-4478-9475-18B143089611}.Ad-Hoc|iPhoneSimulator.Build.0 = Release|Any CPU
		{F4760A92-2B22-4478-9475-18B143089611}.Ad-Hoc|iPhoneSimulator.Deploy.0 = Release|Any CPU
		{F4760A92-2B22-4478-9475-18B143089611}.Ad-Hoc|x64.ActiveCfg = Debug|Any CPU
		{F4760A92-2B22-4478-9475-18B143089611}.Ad-Hoc|x64.Build.0 = Debug|Any CPU
		{F4760A92-2B22-4478-9475-18B143089611}.Ad-Hoc|x64.Deploy.0 = Debug|Any CPU
		{F4760A92-2B22-4478-9475-18B143089611}.Ad-Hoc|x86.ActiveCfg = Release|x86
		{F4760A92-2B22-4478-9475-18B143089611}.Ad-Hoc|x86.Build.0 = Release|x86
		{F4760A92-2B22-4478-9475-18B143089611}.Ad-Hoc|x86.Deploy.0 = Release|x86
		{F4760A92-2B22-4478-9475-18B143089611}.AppStore|Any CPU.ActiveCfg = Release|Any CPU
		{F4760A92-2B22-4478-9475-18B143089611}.AppStore|Any CPU.Build.0 = Release|Any CPU
		{F4760A92-2B22-4478-9475-18B143089611}.AppStore|Any CPU.Deploy.0 = Release|Any CPU
		{F4760A92-2B22-4478-9475-18B143089611}.AppStore|ARM.ActiveCfg = Release|ARM
		{F4760A92-2B22-4478-9475-18B143089611}.AppStore|ARM.Build.0 = Release|ARM
		{F4760A92-2B22-4478-9475-18B143089611}.AppStore|ARM.Deploy.0 = Release|ARM
		{F4760A92-2B22-4478-9475-18B143089611}.AppStore|iPhone.ActiveCfg = Release|Any CPU
		{F4760A92-2B22-4478-9475-18B143089611}.AppStore|iPhone.Build.0 = Release|Any CPU
		{F4760A92-2B22-4478-9475-18B143089611}.AppStore|iPhone.Deploy.0 = Release|Any CPU
		{F4760A92-2B22-4478-9475-18B143089611}.AppStore|iPhoneSimulator.ActiveCfg = Release|Any CPU
		{F4760A92-2B22-4478-9475-18B143089611}.AppStore|iPhoneSimulator.Build.0 = Release|Any CPU
		{F4760A92-2B22-4478-9475-18B143089611}.AppStore|iPhoneSimulator.Deploy.0 = Release|Any CPU
		{F4760A92-2B22-4478-9475-18B143089611}.AppStore|x64.ActiveCfg = Debug|Any CPU
		{F4760A92-2B22-4478-9475-18B143089611}.AppStore|x64.Build.0 = Debug|Any CPU
		{F4760A92-2B22-4478-9475-18B143089611}.AppStore|x64.Deploy.0 = Debug|Any CPU
		{F4760A92-2B22-4478-9475-18B143089611}.AppStore|x86.ActiveCfg = Release|x86
		{F4760A92-2B22-4478-9475-18B143089611}.AppStore|x86.Build.0 = Release|x86
		{F4760A92-2B22-4478-9475-18B143089611}.AppStore|x86.Deploy.0 = Release|x86
		{F4760A92-2B22-4478-9475-18B143089611}.Debug|Any CPU.ActiveCfg = Debug|Any CPU
		{F4760A92-2B22-4478-9475-18B143089611}.Debug|Any CPU.Build.0 = Debug|Any CPU
		{F4760A92-2B22-4478-9475-18B143089611}.Debug|Any CPU.Deploy.0 = Debug|Any CPU
		{F4760A92-2B22-4478-9475-18B143089611}.Debug|ARM.ActiveCfg = Debug|Any CPU
		{F4760A92-2B22-4478-9475-18B143089611}.Debug|ARM.Build.0 = Debug|Any CPU
		{F4760A92-2B22-4478-9475-18B143089611}.Debug|ARM.Deploy.0 = Debug|Any CPU
		{F4760A92-2B22-4478-9475-18B143089611}.Debug|iPhone.ActiveCfg = Debug|Any CPU
		{F4760A92-2B22-4478-9475-18B143089611}.Debug|iPhone.Build.0 = Debug|Any CPU
		{F4760A92-2B22-4478-9475-18B143089611}.Debug|iPhone.Deploy.0 = Debug|Any CPU
		{F4760A92-2B22-4478-9475-18B143089611}.Debug|iPhoneSimulator.ActiveCfg = Debug|Any CPU
		{F4760A92-2B22-4478-9475-18B143089611}.Debug|iPhoneSimulator.Build.0 = Debug|Any CPU
		{F4760A92-2B22-4478-9475-18B143089611}.Debug|iPhoneSimulator.Deploy.0 = Debug|Any CPU
		{F4760A92-2B22-4478-9475-18B143089611}.Debug|x64.ActiveCfg = Debug|Any CPU
		{F4760A92-2B22-4478-9475-18B143089611}.Debug|x64.Build.0 = Debug|Any CPU
		{F4760A92-2B22-4478-9475-18B143089611}.Debug|x64.Deploy.0 = Debug|Any CPU
		{F4760A92-2B22-4478-9475-18B143089611}.Debug|x86.ActiveCfg = Debug|x86
		{F4760A92-2B22-4478-9475-18B143089611}.Debug|x86.Build.0 = Debug|x86
		{F4760A92-2B22-4478-9475-18B143089611}.Debug|x86.Deploy.0 = Debug|x86
		{F4760A92-2B22-4478-9475-18B143089611}.Release|Any CPU.ActiveCfg = Release|Any CPU
		{F4760A92-2B22-4478-9475-18B143089611}.Release|Any CPU.Build.0 = Release|Any CPU
		{F4760A92-2B22-4478-9475-18B143089611}.Release|Any CPU.Deploy.0 = Release|Any CPU
		{F4760A92-2B22-4478-9475-18B143089611}.Release|ARM.ActiveCfg = Release|ARM
		{F4760A92-2B22-4478-9475-18B143089611}.Release|ARM.Build.0 = Release|ARM
		{F4760A92-2B22-4478-9475-18B143089611}.Release|ARM.Deploy.0 = Release|ARM
		{F4760A92-2B22-4478-9475-18B143089611}.Release|iPhone.ActiveCfg = Release|Any CPU
		{F4760A92-2B22-4478-9475-18B143089611}.Release|iPhone.Build.0 = Release|Any CPU
		{F4760A92-2B22-4478-9475-18B143089611}.Release|iPhone.Deploy.0 = Release|Any CPU
		{F4760A92-2B22-4478-9475-18B143089611}.Release|iPhoneSimulator.ActiveCfg = Release|Any CPU
		{F4760A92-2B22-4478-9475-18B143089611}.Release|iPhoneSimulator.Build.0 = Release|Any CPU
		{F4760A92-2B22-4478-9475-18B143089611}.Release|iPhoneSimulator.Deploy.0 = Release|Any CPU
		{F4760A92-2B22-4478-9475-18B143089611}.Release|x64.ActiveCfg = Release|Any CPU
		{F4760A92-2B22-4478-9475-18B143089611}.Release|x64.Build.0 = Release|Any CPU
		{F4760A92-2B22-4478-9475-18B143089611}.Release|x64.Deploy.0 = Release|Any CPU
		{F4760A92-2B22-4478-9475-18B143089611}.Release|x86.ActiveCfg = Release|x86
		{F4760A92-2B22-4478-9475-18B143089611}.Release|x86.Build.0 = Release|x86
		{F4760A92-2B22-4478-9475-18B143089611}.Release|x86.Deploy.0 = Release|x86
		{56166D86-B310-46BF-8688-7B9B81822DF8}.Ad-Hoc|Any CPU.ActiveCfg = Release|Any CPU
		{56166D86-B310-46BF-8688-7B9B81822DF8}.Ad-Hoc|Any CPU.Build.0 = Release|Any CPU
		{56166D86-B310-46BF-8688-7B9B81822DF8}.Ad-Hoc|ARM.ActiveCfg = Release|Any CPU
		{56166D86-B310-46BF-8688-7B9B81822DF8}.Ad-Hoc|ARM.Build.0 = Release|Any CPU
		{56166D86-B310-46BF-8688-7B9B81822DF8}.Ad-Hoc|iPhone.ActiveCfg = Release|Any CPU
		{56166D86-B310-46BF-8688-7B9B81822DF8}.Ad-Hoc|iPhone.Build.0 = Release|Any CPU
		{56166D86-B310-46BF-8688-7B9B81822DF8}.Ad-Hoc|iPhoneSimulator.ActiveCfg = Release|Any CPU
		{56166D86-B310-46BF-8688-7B9B81822DF8}.Ad-Hoc|iPhoneSimulator.Build.0 = Release|Any CPU
		{56166D86-B310-46BF-8688-7B9B81822DF8}.Ad-Hoc|x64.ActiveCfg = Debug|Any CPU
		{56166D86-B310-46BF-8688-7B9B81822DF8}.Ad-Hoc|x64.Build.0 = Debug|Any CPU
		{56166D86-B310-46BF-8688-7B9B81822DF8}.Ad-Hoc|x86.ActiveCfg = Release|Any CPU
		{56166D86-B310-46BF-8688-7B9B81822DF8}.Ad-Hoc|x86.Build.0 = Release|Any CPU
		{56166D86-B310-46BF-8688-7B9B81822DF8}.AppStore|Any CPU.ActiveCfg = Release|Any CPU
		{56166D86-B310-46BF-8688-7B9B81822DF8}.AppStore|Any CPU.Build.0 = Release|Any CPU
		{56166D86-B310-46BF-8688-7B9B81822DF8}.AppStore|ARM.ActiveCfg = Release|Any CPU
		{56166D86-B310-46BF-8688-7B9B81822DF8}.AppStore|ARM.Build.0 = Release|Any CPU
		{56166D86-B310-46BF-8688-7B9B81822DF8}.AppStore|iPhone.ActiveCfg = Release|Any CPU
		{56166D86-B310-46BF-8688-7B9B81822DF8}.AppStore|iPhone.Build.0 = Release|Any CPU
		{56166D86-B310-46BF-8688-7B9B81822DF8}.AppStore|iPhoneSimulator.ActiveCfg = Release|Any CPU
		{56166D86-B310-46BF-8688-7B9B81822DF8}.AppStore|iPhoneSimulator.Build.0 = Release|Any CPU
		{56166D86-B310-46BF-8688-7B9B81822DF8}.AppStore|x64.ActiveCfg = Debug|Any CPU
		{56166D86-B310-46BF-8688-7B9B81822DF8}.AppStore|x64.Build.0 = Debug|Any CPU
		{56166D86-B310-46BF-8688-7B9B81822DF8}.AppStore|x86.ActiveCfg = Release|Any CPU
		{56166D86-B310-46BF-8688-7B9B81822DF8}.AppStore|x86.Build.0 = Release|Any CPU
		{56166D86-B310-46BF-8688-7B9B81822DF8}.Debug|Any CPU.ActiveCfg = Debug|Any CPU
		{56166D86-B310-46BF-8688-7B9B81822DF8}.Debug|Any CPU.Build.0 = Debug|Any CPU
		{56166D86-B310-46BF-8688-7B9B81822DF8}.Debug|ARM.ActiveCfg = Debug|Any CPU
		{56166D86-B310-46BF-8688-7B9B81822DF8}.Debug|ARM.Build.0 = Debug|Any CPU
		{56166D86-B310-46BF-8688-7B9B81822DF8}.Debug|iPhone.ActiveCfg = Debug|Any CPU
		{56166D86-B310-46BF-8688-7B9B81822DF8}.Debug|iPhone.Build.0 = Debug|Any CPU
		{56166D86-B310-46BF-8688-7B9B81822DF8}.Debug|iPhoneSimulator.ActiveCfg = Debug|Any CPU
		{56166D86-B310-46BF-8688-7B9B81822DF8}.Debug|iPhoneSimulator.Build.0 = Debug|Any CPU
		{56166D86-B310-46BF-8688-7B9B81822DF8}.Debug|x64.ActiveCfg = Debug|Any CPU
		{56166D86-B310-46BF-8688-7B9B81822DF8}.Debug|x64.Build.0 = Debug|Any CPU
		{56166D86-B310-46BF-8688-7B9B81822DF8}.Debug|x86.ActiveCfg = Debug|Any CPU
		{56166D86-B310-46BF-8688-7B9B81822DF8}.Debug|x86.Build.0 = Debug|Any CPU
		{56166D86-B310-46BF-8688-7B9B81822DF8}.Release|Any CPU.ActiveCfg = Release|Any CPU
		{56166D86-B310-46BF-8688-7B9B81822DF8}.Release|Any CPU.Build.0 = Release|Any CPU
		{56166D86-B310-46BF-8688-7B9B81822DF8}.Release|ARM.ActiveCfg = Release|Any CPU
		{56166D86-B310-46BF-8688-7B9B81822DF8}.Release|ARM.Build.0 = Release|Any CPU
		{56166D86-B310-46BF-8688-7B9B81822DF8}.Release|iPhone.ActiveCfg = Release|Any CPU
		{56166D86-B310-46BF-8688-7B9B81822DF8}.Release|iPhone.Build.0 = Release|Any CPU
		{56166D86-B310-46BF-8688-7B9B81822DF8}.Release|iPhoneSimulator.ActiveCfg = Release|Any CPU
		{56166D86-B310-46BF-8688-7B9B81822DF8}.Release|iPhoneSimulator.Build.0 = Release|Any CPU
		{56166D86-B310-46BF-8688-7B9B81822DF8}.Release|x64.ActiveCfg = Release|Any CPU
		{56166D86-B310-46BF-8688-7B9B81822DF8}.Release|x64.Build.0 = Release|Any CPU
		{56166D86-B310-46BF-8688-7B9B81822DF8}.Release|x86.ActiveCfg = Release|Any CPU
		{56166D86-B310-46BF-8688-7B9B81822DF8}.Release|x86.Build.0 = Release|Any CPU
		{09BF7915-E9B3-4016-8287-C583127C0D1B}.Ad-Hoc|Any CPU.ActiveCfg = Release|x64
		{09BF7915-E9B3-4016-8287-C583127C0D1B}.Ad-Hoc|Any CPU.Build.0 = Release|x64
		{09BF7915-E9B3-4016-8287-C583127C0D1B}.Ad-Hoc|Any CPU.Deploy.0 = Release|x64
		{09BF7915-E9B3-4016-8287-C583127C0D1B}.Ad-Hoc|ARM.ActiveCfg = Release|ARM
		{09BF7915-E9B3-4016-8287-C583127C0D1B}.Ad-Hoc|ARM.Build.0 = Release|ARM
		{09BF7915-E9B3-4016-8287-C583127C0D1B}.Ad-Hoc|ARM.Deploy.0 = Release|ARM
		{09BF7915-E9B3-4016-8287-C583127C0D1B}.Ad-Hoc|iPhone.ActiveCfg = Release|x64
		{09BF7915-E9B3-4016-8287-C583127C0D1B}.Ad-Hoc|iPhone.Build.0 = Release|x64
		{09BF7915-E9B3-4016-8287-C583127C0D1B}.Ad-Hoc|iPhone.Deploy.0 = Release|x64
		{09BF7915-E9B3-4016-8287-C583127C0D1B}.Ad-Hoc|iPhoneSimulator.ActiveCfg = Release|x64
		{09BF7915-E9B3-4016-8287-C583127C0D1B}.Ad-Hoc|iPhoneSimulator.Build.0 = Release|x64
		{09BF7915-E9B3-4016-8287-C583127C0D1B}.Ad-Hoc|iPhoneSimulator.Deploy.0 = Release|x64
		{09BF7915-E9B3-4016-8287-C583127C0D1B}.Ad-Hoc|x64.ActiveCfg = Release|x64
		{09BF7915-E9B3-4016-8287-C583127C0D1B}.Ad-Hoc|x64.Build.0 = Release|x64
		{09BF7915-E9B3-4016-8287-C583127C0D1B}.Ad-Hoc|x64.Deploy.0 = Release|x64
		{09BF7915-E9B3-4016-8287-C583127C0D1B}.Ad-Hoc|x86.ActiveCfg = Release|x86
		{09BF7915-E9B3-4016-8287-C583127C0D1B}.Ad-Hoc|x86.Build.0 = Release|x86
		{09BF7915-E9B3-4016-8287-C583127C0D1B}.Ad-Hoc|x86.Deploy.0 = Release|x86
		{09BF7915-E9B3-4016-8287-C583127C0D1B}.AppStore|Any CPU.ActiveCfg = Release|x64
		{09BF7915-E9B3-4016-8287-C583127C0D1B}.AppStore|Any CPU.Build.0 = Release|x64
		{09BF7915-E9B3-4016-8287-C583127C0D1B}.AppStore|Any CPU.Deploy.0 = Release|x64
		{09BF7915-E9B3-4016-8287-C583127C0D1B}.AppStore|ARM.ActiveCfg = Release|ARM
		{09BF7915-E9B3-4016-8287-C583127C0D1B}.AppStore|ARM.Build.0 = Release|ARM
		{09BF7915-E9B3-4016-8287-C583127C0D1B}.AppStore|ARM.Deploy.0 = Release|ARM
		{09BF7915-E9B3-4016-8287-C583127C0D1B}.AppStore|iPhone.ActiveCfg = Release|x64
		{09BF7915-E9B3-4016-8287-C583127C0D1B}.AppStore|iPhone.Build.0 = Release|x64
		{09BF7915-E9B3-4016-8287-C583127C0D1B}.AppStore|iPhone.Deploy.0 = Release|x64
		{09BF7915-E9B3-4016-8287-C583127C0D1B}.AppStore|iPhoneSimulator.ActiveCfg = Release|x64
		{09BF7915-E9B3-4016-8287-C583127C0D1B}.AppStore|iPhoneSimulator.Build.0 = Release|x64
		{09BF7915-E9B3-4016-8287-C583127C0D1B}.AppStore|iPhoneSimulator.Deploy.0 = Release|x64
		{09BF7915-E9B3-4016-8287-C583127C0D1B}.AppStore|x64.ActiveCfg = Release|x64
		{09BF7915-E9B3-4016-8287-C583127C0D1B}.AppStore|x64.Build.0 = Release|x64
		{09BF7915-E9B3-4016-8287-C583127C0D1B}.AppStore|x64.Deploy.0 = Release|x64
		{09BF7915-E9B3-4016-8287-C583127C0D1B}.AppStore|x86.ActiveCfg = Release|x86
		{09BF7915-E9B3-4016-8287-C583127C0D1B}.AppStore|x86.Build.0 = Release|x86
		{09BF7915-E9B3-4016-8287-C583127C0D1B}.AppStore|x86.Deploy.0 = Release|x86
		{09BF7915-E9B3-4016-8287-C583127C0D1B}.Debug|Any CPU.ActiveCfg = Debug|ARM
		{09BF7915-E9B3-4016-8287-C583127C0D1B}.Debug|Any CPU.Build.0 = Debug|ARM
		{09BF7915-E9B3-4016-8287-C583127C0D1B}.Debug|Any CPU.Deploy.0 = Debug|ARM
		{09BF7915-E9B3-4016-8287-C583127C0D1B}.Debug|ARM.ActiveCfg = Debug|ARM
		{09BF7915-E9B3-4016-8287-C583127C0D1B}.Debug|ARM.Build.0 = Debug|ARM
		{09BF7915-E9B3-4016-8287-C583127C0D1B}.Debug|ARM.Deploy.0 = Debug|ARM
		{09BF7915-E9B3-4016-8287-C583127C0D1B}.Debug|iPhone.ActiveCfg = Debug|ARM
		{09BF7915-E9B3-4016-8287-C583127C0D1B}.Debug|iPhone.Build.0 = Debug|ARM
		{09BF7915-E9B3-4016-8287-C583127C0D1B}.Debug|iPhone.Deploy.0 = Debug|ARM
		{09BF7915-E9B3-4016-8287-C583127C0D1B}.Debug|iPhoneSimulator.ActiveCfg = Debug|x86
		{09BF7915-E9B3-4016-8287-C583127C0D1B}.Debug|iPhoneSimulator.Build.0 = Debug|x86
		{09BF7915-E9B3-4016-8287-C583127C0D1B}.Debug|iPhoneSimulator.Deploy.0 = Debug|x86
		{09BF7915-E9B3-4016-8287-C583127C0D1B}.Debug|x64.ActiveCfg = Debug|x64
		{09BF7915-E9B3-4016-8287-C583127C0D1B}.Debug|x64.Build.0 = Debug|x64
		{09BF7915-E9B3-4016-8287-C583127C0D1B}.Debug|x64.Deploy.0 = Debug|x64
		{09BF7915-E9B3-4016-8287-C583127C0D1B}.Debug|x86.ActiveCfg = Debug|x64
		{09BF7915-E9B3-4016-8287-C583127C0D1B}.Debug|x86.Build.0 = Debug|x64
		{09BF7915-E9B3-4016-8287-C583127C0D1B}.Debug|x86.Deploy.0 = Debug|x64
		{09BF7915-E9B3-4016-8287-C583127C0D1B}.Release|Any CPU.ActiveCfg = Release|ARM
		{09BF7915-E9B3-4016-8287-C583127C0D1B}.Release|Any CPU.Build.0 = Release|ARM
		{09BF7915-E9B3-4016-8287-C583127C0D1B}.Release|Any CPU.Deploy.0 = Release|ARM
		{09BF7915-E9B3-4016-8287-C583127C0D1B}.Release|ARM.ActiveCfg = Release|ARM
		{09BF7915-E9B3-4016-8287-C583127C0D1B}.Release|ARM.Build.0 = Release|ARM
		{09BF7915-E9B3-4016-8287-C583127C0D1B}.Release|ARM.Deploy.0 = Release|ARM
		{09BF7915-E9B3-4016-8287-C583127C0D1B}.Release|iPhone.ActiveCfg = Release|x86
		{09BF7915-E9B3-4016-8287-C583127C0D1B}.Release|iPhoneSimulator.ActiveCfg = Release|x86
		{09BF7915-E9B3-4016-8287-C583127C0D1B}.Release|iPhoneSimulator.Build.0 = Release|x86
		{09BF7915-E9B3-4016-8287-C583127C0D1B}.Release|iPhoneSimulator.Deploy.0 = Release|x86
		{09BF7915-E9B3-4016-8287-C583127C0D1B}.Release|x64.ActiveCfg = Release|x64
		{09BF7915-E9B3-4016-8287-C583127C0D1B}.Release|x64.Build.0 = Release|x64
		{09BF7915-E9B3-4016-8287-C583127C0D1B}.Release|x64.Deploy.0 = Release|x64
		{09BF7915-E9B3-4016-8287-C583127C0D1B}.Release|x86.ActiveCfg = Release|x86
		{09BF7915-E9B3-4016-8287-C583127C0D1B}.Release|x86.Build.0 = Release|x86
		{09BF7915-E9B3-4016-8287-C583127C0D1B}.Release|x86.Deploy.0 = Release|x86
	EndGlobalSection
	GlobalSection(SolutionProperties) = preSolution
		HideSolutionNode = FALSE
	EndGlobalSection
EndGlobal
